
Microsoft Visual Studio Solution File, Format Version 12.00
# Visual Studio Version 17
VisualStudioVersion = 17.1.32421.90
MinimumVisualStudioVersion = 10.0.40219.1
Project("{FAE04EC0-301F-11D3-BF4B-00C04F79EFBC}") = "153502_Minenkov_lab1", "153502_Minenkov_lab1\153502_Minenkov_lab1.csproj", "{90ED796A-1000-4A5E-80CB-21E54973AC23}"
EndProject
Global
	GlobalSection(SolutionConfigurationPlatforms) = preSolution
		Debug|Any CPU = Debug|Any CPU
		Release|Any CPU = Release|Any CPU
	EndGlobalSection
	GlobalSection(ProjectConfigurationPlatforms) = postSolution
		{90ED796A-1000-4A5E-80CB-21E54973AC23}.Debug|Any CPU.ActiveCfg = Debug|Any CPU
		{90ED796A-1000-4A5E-80CB-21E54973AC23}.Debug|Any CPU.Build.0 = Debug|Any CPU
		{90ED796A-1000-4A5E-80CB-21E54973AC23}.Release|Any CPU.ActiveCfg = Release|Any CPU
		{90ED796A-1000-4A5E-80CB-21E54973AC23}.Release|Any CPU.Build.0 = Release|Any CPU
	EndGlobalSection
	GlobalSection(SolutionProperties) = preSolution
		HideSolutionNode = FALSE
	EndGlobalSection
	GlobalSection(ExtensibilityGlobals) = postSolution
		SolutionGuid = {E7E09A53-2E8D-4FC9-A821-4EEFB396FF1C}
	EndGlobalSection
EndGlobal
